
Microsoft Visual Studio Solution File, Format Version 12.00
Project("{FAE04EC0-301F-11D3-BF4B-00C04F79EFBC}") = "Assignment1", "Assignment1\Assignment1.csproj", "{B6D26D90-24A0-484F-B424-1E3A58609A29}"
EndProject
Global
	GlobalSection(SolutionConfigurationPlatforms) = preSolution
		Debug|Any CPU = Debug|Any CPU
		Release|Any CPU = Release|Any CPU
	EndGlobalSection
	GlobalSection(ProjectConfigurationPlatforms) = postSolution
		{B6D26D90-24A0-484F-B424-1E3A58609A29}.Debug|Any CPU.ActiveCfg = Debug|Any CPU
		{B6D26D90-24A0-484F-B424-1E3A58609A29}.Debug|Any CPU.Build.0 = Debug|Any CPU
		{B6D26D90-24A0-484F-B424-1E3A58609A29}.Release|Any CPU.ActiveCfg = Release|Any CPU
		{B6D26D90-24A0-484F-B424-1E3A58609A29}.Release|Any CPU.Build.0 = Release|Any CPU
	EndGlobalSection
EndGlobal
